PODS:
  - FMDB (2.7.8):
    - FMDB/standard (= 2.7.8)
  - FMDB/standard (2.7.8)
  - sqlite3 (3.38.0):
    - sqlite3/common (= 3.38.0)
  - sqlite3/common (3.38.0)
  - sqlite3/fts (3.38.0):
    - sqlite3/common
  - sqlite3/fts5 (3.38.0):
    - sqlite3/common

DEPENDENCIES:
  - FMDB (from `https://github.com/ccgus/fmdb.git`, commit `d31d362c`)
  - sqlite3 (= 3.38.0)
  - sqlite3/fts
  - sqlite3/fts5

SPEC REPOS:
  https://github.com/CocoaPods/Specs.git:
    - sqlite3

EXTERNAL SOURCES:
  FMDB:
    :commit: d31d362c
    :git: https://github.com/ccgus/fmdb.git

CHECKOUT OPTIONS:
  FMDB:
    :commit: d31d362c
    :git: https://github.com/ccgus/fmdb.git

SPEC CHECKSUMS:
  FMDB: e4da33263daba970e09089ff242a03e0255426c3
  sqlite3: 2c78798a817aa040981e2b0cfb4eb94523c0f55f

PODFILE CHECKSUM: f9bab82cfa91f99db032d154abf09aa737da86c7

COCOAPODS: 1.11.2
