PODS:
  - FMDB (2.7.5):
    - FMDB/standard (= 2.7.5)
  - FMDB/standard (2.7.5)
  - sqlite3 (3.38.0):
    - sqlite3/common (= 3.38.0)
  - sqlite3/common (3.38.0)
  - sqlite3/fts (3.38.0):
    - sqlite3/common
  - sqlite3/fts5 (3.38.0):
    - sqlite3/common

DEPENDENCIES:
  - FMDB (= 2.7.5)
  - sqlite3 (= 3.38.0)
  - sqlite3/fts
  - sqlite3/fts5

SPEC REPOS:
  https://github.com/CocoaPods/Specs.git:
    - FMDB
    - sqlite3

SPEC CHECKSUMS:
  FMDB: 2ce00b547f966261cd18927a3ddb07cb6f3db82a
  sqlite3: 2c78798a817aa040981e2b0cfb4eb94523c0f55f

PODFILE CHECKSUM: 97f8aed2dd463f29b5b111e55dfa2817b70511f6

COCOAPODS: 1.11.2
