// !$*UTF8*$!
{
	archiveVersion = 1;
	classes = {
	};
	objectVersion = 46;
	objects = {

/* Begin PBXBuildFile section */
		11B032AE93BDBD4BB59EA63B /* libPods-CBSearchKit.a in Frameworks */ = {isa = PBXBuildFile; fileRef = 7C8F00FF1F916F9129BF8ACB /* libPods-CBSearchKit.a */; };
		1A0A5938204A7DD000198C3F /* CBSCustomIndexDocument.m in Sources */ = {isa = PBXBuildFile; fileRef = 1A0A5937204A7DD000198C3F /* CBSCustomIndexDocument.m */; };
		92064FD2197B3B7800157F03 /* CBSIndexDocument.m in Sources */ = {isa = PBXBuildFile; fileRef = 92064FC9197B3B7800157F03 /* CBSIndexDocument.m */; };
		92064FD3197B3B7800157F03 /* CBSIndexer.m in Sources */ = {isa = PBXBuildFile; fileRef = 92064FCB197B3B7800157F03 /* CBSIndexer.m */; };
		92064FD4197B3B7800157F03 /* CBSSearcher.m in Sources */ = {isa = PBXBuildFile; fileRef = 92064FCE197B3B7800157F03 /* CBSSearcher.m */; };
		92064FD5197B3B7800157F03 /* CBSSearchManager.m in Sources */ = {isa = PBXBuildFile; fileRef = 92064FD1197B3B7800157F03 /* CBSSearchManager.m */; };
		92064FD8197B3C6F00157F03 /* CBSAppDelegate.m in Sources */ = {isa = PBXBuildFile; fileRef = 92064FD7197B3C6F00157F03 /* CBSAppDelegate.m */; };
		921BAC2F18B9D43B0074F396 /* Cocoa.framework in Frameworks */ = {isa = PBXBuildFile; fileRef = 921BAC2E18B9D43B0074F396 /* Cocoa.framework */; };
		921BAC3918B9D43B0074F396 /* InfoPlist.strings in Resources */ = {isa = PBXBuildFile; fileRef = 921BAC3718B9D43B0074F396 /* InfoPlist.strings */; };
		921BAC3B18B9D43B0074F396 /* main.m in Sources */ = {isa = PBXBuildFile; fileRef = 921BAC3A18B9D43B0074F396 /* main.m */; };
		921BAC3F18B9D43B0074F396 /* Credits.rtf in Resources */ = {isa = PBXBuildFile; fileRef = 921BAC3D18B9D43B0074F396 /* Credits.rtf */; };
		921BAC4518B9D43B0074F396 /* MainMenu.xib in Resources */ = {isa = PBXBuildFile; fileRef = 921BAC4318B9D43B0074F396 /* MainMenu.xib */; };
		921BAC4718B9D43B0074F396 /* Images.xcassets in Resources */ = {isa = PBXBuildFile; fileRef = 921BAC4618B9D43B0074F396 /* Images.xcassets */; };
		921BAC4E18B9D43B0074F396 /* XCTest.framework in Frameworks */ = {isa = PBXBuildFile; fileRef = 921BAC4D18B9D43B0074F396 /* XCTest.framework */; };
		921BAC4F18B9D43B0074F396 /* Cocoa.framework in Frameworks */ = {isa = PBXBuildFile; fileRef = 921BAC2E18B9D43B0074F396 /* Cocoa.framework */; };
		921BAC5718B9D43B0074F396 /* InfoPlist.strings in Resources */ = {isa = PBXBuildFile; fileRef = 921BAC5518B9D43B0074F396 /* InfoPlist.strings */; };
		921BAC6318B9D44F0074F396 /* libsqlite3.dylib in Frameworks */ = {isa = PBXBuildFile; fileRef = 921BAC6218B9D44F0074F396 /* libsqlite3.dylib */; };
		921BAC7D18C39FDC0074F396 /* CBSIndexerTests.m in Sources */ = {isa = PBXBuildFile; fileRef = 921BAC7C18C39FDC0074F396 /* CBSIndexerTests.m */; };
		921BAC7F18C993D00074F396 /* CBSSearcherTests.m in Sources */ = {isa = PBXBuildFile; fileRef = 921BAC7E18C993D00074F396 /* CBSSearcherTests.m */; };
		C8AFCDCFC3FA40E276BA618C /* libPods-CBSearchKitTests.a in Frameworks */ = {isa = PBXBuildFile; fileRef = 206B95F418979039CA91C279 /* libPods-CBSearchKitTests.a */; };
/* End PBXBuildFile section */

/* Begin PBXContainerItemProxy section */
		921BAC5018B9D43B0074F396 /* PBXContainerItemProxy */ = {
			isa = PBXContainerItemProxy;
			containerPortal = 921BAC2318B9D43B0074F396 /* Project object */;
			proxyType = 1;
			remoteGlobalIDString = 921BAC2A18B9D43B0074F396;
			remoteInfo = CBSearchKit;
		};
/* End PBXContainerItemProxy section */

/* Begin PBXFileReference section */
		1A0A5936204A7DD000198C3F /* CBSCustomIndexDocument.h */ = {isa = PBXFileReference; lastKnownFileType = sourcecode.c.h; path = CBSCustomIndexDocument.h; sourceTree = "<group>"; };
		1A0A5937204A7DD000198C3F /* CBSCustomIndexDocument.m */ = {isa = PBXFileReference; lastKnownFileType = sourcecode.c.objc; path = CBSCustomIndexDocument.m; sourceTree = "<group>"; };
		1A47FA3D21A5F77C006275AB /* sqlite3_rank_func.h */ = {isa = PBXFileReference; fileEncoding = 4; lastKnownFileType = sourcecode.c.h; path = sqlite3_rank_func.h; sourceTree = "<group>"; };
		206B95F418979039CA91C279 /* libPods-CBSearchKitTests.a */ = {isa = PBXFileReference; explicitFileType = archive.ar; includeInIndex = 0; path = "libPods-CBSearchKitTests.a"; sourceTree = BUILT_PRODUCTS_DIR; };
		23E06AE6E35E1AF22D17D344 /* Pods-CBSearchKitTests.debug.xcconfig */ = {isa = PBXFileReference; includeInIndex = 1; lastKnownFileType = text.xcconfig; name = "Pods-CBSearchKitTests.debug.xcconfig"; path = "Pods/Target Support Files/Pods-CBSearchKitTests/Pods-CBSearchKitTests.debug.xcconfig"; sourceTree = "<group>"; };
		7367EF1A7F1FDB6B3AC207FE /* Pods-CBSearchKit.debug.xcconfig */ = {isa = PBXFileReference; includeInIndex = 1; lastKnownFileType = text.xcconfig; name = "Pods-CBSearchKit.debug.xcconfig"; path = "Pods/Target Support Files/Pods-CBSearchKit/Pods-CBSearchKit.debug.xcconfig"; sourceTree = "<group>"; };
		7C8F00FF1F916F9129BF8ACB /* libPods-CBSearchKit.a */ = {isa = PBXFileReference; explicitFileType = archive.ar; includeInIndex = 0; path = "libPods-CBSearchKit.a"; sourceTree = BUILT_PRODUCTS_DIR; };
		92064FC8197B3B7800157F03 /* CBSIndexDocument.h */ = {isa = PBXFileReference; fileEncoding = 4; lastKnownFileType = sourcecode.c.h; path = CBSIndexDocument.h; sourceTree = "<group>"; };
		92064FC9197B3B7800157F03 /* CBSIndexDocument.m */ = {isa = PBXFileReference; fileEncoding = 4; lastKnownFileType = sourcecode.c.objc; path = CBSIndexDocument.m; sourceTree = "<group>"; };
		92064FCA197B3B7800157F03 /* CBSIndexer.h */ = {isa = PBXFileReference; fileEncoding = 4; lastKnownFileType = sourcecode.c.h; path = CBSIndexer.h; sourceTree = "<group>"; };
		92064FCB197B3B7800157F03 /* CBSIndexer.m */ = {isa = PBXFileReference; fileEncoding = 4; lastKnownFileType = sourcecode.c.objc; path = CBSIndexer.m; sourceTree = "<group>"; };
		92064FCC197B3B7800157F03 /* CBSMacros.h */ = {isa = PBXFileReference; fileEncoding = 4; lastKnownFileType = sourcecode.c.h; path = CBSMacros.h; sourceTree = "<group>"; };
		92064FCD197B3B7800157F03 /* CBSSearcher.h */ = {isa = PBXFileReference; fileEncoding = 4; lastKnownFileType = sourcecode.c.h; path = CBSSearcher.h; sourceTree = "<group>"; };
		92064FCE197B3B7800157F03 /* CBSSearcher.m */ = {isa = PBXFileReference; fileEncoding = 4; lastKnownFileType = sourcecode.c.objc; path = CBSSearcher.m; sourceTree = "<group>"; };
		92064FCF197B3B7800157F03 /* CBSearchKit.h */ = {isa = PBXFileReference; fileEncoding = 4; lastKnownFileType = sourcecode.c.h; path = CBSearchKit.h; sourceTree = "<group>"; };
		92064FD0197B3B7800157F03 /* CBSSearchManager.h */ = {isa = PBXFileReference; fileEncoding = 4; lastKnownFileType = sourcecode.c.h; path = CBSSearchManager.h; sourceTree = "<group>"; };
		92064FD1197B3B7800157F03 /* CBSSearchManager.m */ = {isa = PBXFileReference; fileEncoding = 4; lastKnownFileType = sourcecode.c.objc; path = CBSSearchManager.m; sourceTree = "<group>"; };
		92064FD6197B3C6F00157F03 /* CBSAppDelegate.h */ = {isa = PBXFileReference; fileEncoding = 4; lastKnownFileType = sourcecode.c.h; name = CBSAppDelegate.h; path = Classes/CBSAppDelegate.h; sourceTree = "<group>"; };
		92064FD7197B3C6F00157F03 /* CBSAppDelegate.m */ = {isa = PBXFileReference; fileEncoding = 4; lastKnownFileType = sourcecode.c.objc; name = CBSAppDelegate.m; path = Classes/CBSAppDelegate.m; sourceTree = "<group>"; };
		921BAC2B18B9D43B0074F396 /* CBSearchKit.app */ = {isa = PBXFileReference; explicitFileType = wrapper.application; includeInIndex = 0; path = CBSearchKit.app; sourceTree = BUILT_PRODUCTS_DIR; };
		921BAC2E18B9D43B0074F396 /* Cocoa.framework */ = {isa = PBXFileReference; lastKnownFileType = wrapper.framework; name = Cocoa.framework; path = System/Library/Frameworks/Cocoa.framework; sourceTree = SDKROOT; };
		921BAC3118B9D43B0074F396 /* AppKit.framework */ = {isa = PBXFileReference; lastKnownFileType = wrapper.framework; name = AppKit.framework; path = System/Library/Frameworks/AppKit.framework; sourceTree = SDKROOT; };
		921BAC3218B9D43B0074F396 /* CoreData.framework */ = {isa = PBXFileReference; lastKnownFileType = wrapper.framework; name = CoreData.framework; path = System/Library/Frameworks/CoreData.framework; sourceTree = SDKROOT; };
		921BAC3318B9D43B0074F396 /* Foundation.framework */ = {isa = PBXFileReference; lastKnownFileType = wrapper.framework; name = Foundation.framework; path = System/Library/Frameworks/Foundation.framework; sourceTree = SDKROOT; };
		921BAC3618B9D43B0074F396 /* CBSearchKit-Info.plist */ = {isa = PBXFileReference; lastKnownFileType = text.plist.xml; path = "CBSearchKit-Info.plist"; sourceTree = "<group>"; };
		921BAC3818B9D43B0074F396 /* en */ = {isa = PBXFileReference; lastKnownFileType = text.plist.strings; name = en; path = en.lproj/InfoPlist.strings; sourceTree = "<group>"; };
		921BAC3A18B9D43B0074F396 /* main.m */ = {isa = PBXFileReference; lastKnownFileType = sourcecode.c.objc; path = main.m; sourceTree = "<group>"; };
		921BAC3C18B9D43B0074F396 /* CBSearchKit-Prefix.pch */ = {isa = PBXFileReference; lastKnownFileType = sourcecode.c.h; path = "CBSearchKit-Prefix.pch"; sourceTree = "<group>"; };
		921BAC3E18B9D43B0074F396 /* en */ = {isa = PBXFileReference; lastKnownFileType = text.rtf; name = en; path = en.lproj/Credits.rtf; sourceTree = "<group>"; };
		921BAC4418B9D43B0074F396 /* Base */ = {isa = PBXFileReference; lastKnownFileType = file.xib; name = Base; path = Base.lproj/MainMenu.xib; sourceTree = "<group>"; };
		921BAC4618B9D43B0074F396 /* Images.xcassets */ = {isa = PBXFileReference; lastKnownFileType = folder.assetcatalog; path = Images.xcassets; sourceTree = "<group>"; };
		921BAC4C18B9D43B0074F396 /* CBSearchKitTests.xctest */ = {isa = PBXFileReference; explicitFileType = wrapper.cfbundle; includeInIndex = 0; path = CBSearchKitTests.xctest; sourceTree = BUILT_PRODUCTS_DIR; };
		921BAC4D18B9D43B0074F396 /* XCTest.framework */ = {isa = PBXFileReference; lastKnownFileType = wrapper.framework; name = XCTest.framework; path = Library/Frameworks/XCTest.framework; sourceTree = DEVELOPER_DIR; };
		921BAC5418B9D43B0074F396 /* CBSearchKitTests-Info.plist */ = {isa = PBXFileReference; lastKnownFileType = text.plist.xml; path = "CBSearchKitTests-Info.plist"; sourceTree = "<group>"; };
		921BAC5618B9D43B0074F396 /* en */ = {isa = PBXFileReference; lastKnownFileType = text.plist.strings; name = en; path = en.lproj/InfoPlist.strings; sourceTree = "<group>"; };
		921BAC6218B9D44F0074F396 /* libsqlite3.dylib */ = {isa = PBXFileReference; lastKnownFileType = "compiled.mach-o.dylib"; name = libsqlite3.dylib; path = usr/lib/libsqlite3.dylib; sourceTree = SDKROOT; };
		921BAC7C18C39FDC0074F396 /* CBSIndexerTests.m */ = {isa = PBXFileReference; fileEncoding = 4; lastKnownFileType = sourcecode.c.objc; path = CBSIndexerTests.m; sourceTree = "<group>"; };
		921BAC7E18C993D00074F396 /* CBSSearcherTests.m */ = {isa = PBXFileReference; fileEncoding = 4; lastKnownFileType = sourcecode.c.objc; path = CBSSearcherTests.m; sourceTree = "<group>"; };
		921BAC8018CA93230074F396 /* README.md */ = {isa = PBXFileReference; lastKnownFileType = text; path = README.md; sourceTree = "<group>"; };
		ABAED8082A8F68065F078BD1 /* Pods-CBSearchKit.release.xcconfig */ = {isa = PBXFileReference; includeInIndex = 1; lastKnownFileType = text.xcconfig; name = "Pods-CBSearchKit.release.xcconfig"; path = "Pods/Target Support Files/Pods-CBSearchKit/Pods-CBSearchKit.release.xcconfig"; sourceTree = "<group>"; };
		D380206778FD66D681FDEA11 /* Pods-CBSearchKitTests.release.xcconfig */ = {isa = PBXFileReference; includeInIndex = 1; lastKnownFileType = text.xcconfig; name = "Pods-CBSearchKitTests.release.xcconfig"; path = "Pods/Target Support Files/Pods-CBSearchKitTests/Pods-CBSearchKitTests.release.xcconfig"; sourceTree = "<group>"; };
/* End PBXFileReference section */

/* Begin PBXFrameworksBuildPhase section */
		921BAC2818B9D43B0074F396 /* Frameworks */ = {
			isa = PBXFrameworksBuildPhase;
			buildActionMask = 2147483647;
			files = (
				921BAC6318B9D44F0074F396 /* libsqlite3.dylib in Frameworks */,
				921BAC2F18B9D43B0074F396 /* Cocoa.framework in Frameworks */,
				11B032AE93BDBD4BB59EA63B /* libPods-CBSearchKit.a in Frameworks */,
			);
			runOnlyForDeploymentPostprocessing = 0;
		};
		921BAC4918B9D43B0074F396 /* Frameworks */ = {
			isa = PBXFrameworksBuildPhase;
			buildActionMask = 2147483647;
			files = (
				921BAC4F18B9D43B0074F396 /* Cocoa.framework in Frameworks */,
				921BAC4E18B9D43B0074F396 /* XCTest.framework in Frameworks */,
				C8AFCDCFC3FA40E276BA618C /* libPods-CBSearchKitTests.a in Frameworks */,
			);
			runOnlyForDeploymentPostprocessing = 0;
		};
/* End PBXFrameworksBuildPhase section */

/* Begin PBXGroup section */
		1A0A5939204A7DD900198C3F /* Other */ = {
			isa = PBXGroup;
			children = (
				1A0A5936204A7DD000198C3F /* CBSCustomIndexDocument.h */,
				1A0A5937204A7DD000198C3F /* CBSCustomIndexDocument.m */,
			);
			name = Other;
			sourceTree = "<group>";
		};
		1A47FA3C21A5F77C006275AB /* sqlite3 */ = {
			isa = PBXGroup;
			children = (
				1A47FA3D21A5F77C006275AB /* sqlite3_rank_func.h */,
			);
			path = sqlite3;
			sourceTree = "<group>";
		};
		92064FC7197B3B7800157F03 /* CBSearchKit */ = {
			isa = PBXGroup;
			children = (
				92064FC8197B3B7800157F03 /* CBSIndexDocument.h */,
				92064FC9197B3B7800157F03 /* CBSIndexDocument.m */,
				92064FCA197B3B7800157F03 /* CBSIndexer.h */,
				92064FCB197B3B7800157F03 /* CBSIndexer.m */,
				92064FCC197B3B7800157F03 /* CBSMacros.h */,
				92064FCD197B3B7800157F03 /* CBSSearcher.h */,
				92064FCE197B3B7800157F03 /* CBSSearcher.m */,
				92064FCF197B3B7800157F03 /* CBSearchKit.h */,
				92064FD0197B3B7800157F03 /* CBSSearchManager.h */,
				92064FD1197B3B7800157F03 /* CBSSearchManager.m */,
			);
			name = CBSearchKit;
			path = Classes/CBSearchKit;
			sourceTree = "<group>";
		};
		921BAC2218B9D43B0074F396 = {
			isa = PBXGroup;
			children = (
				921BAC8018CA93230074F396 /* README.md */,
				921BAC3418B9D43B0074F396 /* CBSearchKit */,
				921BAC5218B9D43B0074F396 /* CBSearchKitTests */,
				921BAC2D18B9D43B0074F396 /* Frameworks */,
				921BAC2C18B9D43B0074F396 /* Products */,
				DBF5E4CE1CD8A81C71AD904B /* Pods */,
			);
			sourceTree = "<group>";
		};
		921BAC2C18B9D43B0074F396 /* Products */ = {
			isa = PBXGroup;
			children = (
				921BAC2B18B9D43B0074F396 /* CBSearchKit.app */,
				921BAC4C18B9D43B0074F396 /* CBSearchKitTests.xctest */,
			);
			name = Products;
			sourceTree = "<group>";
		};
		921BAC2D18B9D43B0074F396 /* Frameworks */ = {
			isa = PBXGroup;
			children = (
				921BAC6218B9D44F0074F396 /* libsqlite3.dylib */,
				921BAC2E18B9D43B0074F396 /* Cocoa.framework */,
				921BAC4D18B9D43B0074F396 /* XCTest.framework */,
				921BAC3018B9D43B0074F396 /* Other Frameworks */,
				7C8F00FF1F916F9129BF8ACB /* libPods-CBSearchKit.a */,
				206B95F418979039CA91C279 /* libPods-CBSearchKitTests.a */,
			);
			name = Frameworks;
			sourceTree = "<group>";
		};
		921BAC3018B9D43B0074F396 /* Other Frameworks */ = {
			isa = PBXGroup;
			children = (
				921BAC3118B9D43B0074F396 /* AppKit.framework */,
				921BAC3218B9D43B0074F396 /* CoreData.framework */,
				921BAC3318B9D43B0074F396 /* Foundation.framework */,
			);
			name = "Other Frameworks";
			sourceTree = "<group>";
		};
		921BAC3418B9D43B0074F396 /* CBSearchKit */ = {
			isa = PBXGroup;
			children = (
				92064FD6197B3C6F00157F03 /* CBSAppDelegate.h */,
				92064FD7197B3C6F00157F03 /* CBSAppDelegate.m */,
				92064FC7197B3B7800157F03 /* CBSearchKit */,
				921BAC4318B9D43B0074F396 /* MainMenu.xib */,
				921BAC4618B9D43B0074F396 /* Images.xcassets */,
				921BAC3518B9D43B0074F396 /* Supporting Files */,
			);
			path = CBSearchKit;
			sourceTree = "<group>";
		};
		921BAC3518B9D43B0074F396 /* Supporting Files */ = {
			isa = PBXGroup;
			children = (
				1A47FA3C21A5F77C006275AB /* sqlite3 */,
				921BAC3618B9D43B0074F396 /* CBSearchKit-Info.plist */,
				921BAC3718B9D43B0074F396 /* InfoPlist.strings */,
				921BAC3A18B9D43B0074F396 /* main.m */,
				921BAC3C18B9D43B0074F396 /* CBSearchKit-Prefix.pch */,
				921BAC3D18B9D43B0074F396 /* Credits.rtf */,
			);
			name = "Supporting Files";
			sourceTree = "<group>";
		};
		921BAC5218B9D43B0074F396 /* CBSearchKitTests */ = {
			isa = PBXGroup;
			children = (
				921BAC7C18C39FDC0074F396 /* CBSIndexerTests.m */,
				921BAC7E18C993D00074F396 /* CBSSearcherTests.m */,
				1A0A5939204A7DD900198C3F /* Other */,
				921BAC5318B9D43B0074F396 /* Supporting Files */,
			);
			path = CBSearchKitTests;
			sourceTree = "<group>";
		};
		921BAC5318B9D43B0074F396 /* Supporting Files */ = {
			isa = PBXGroup;
			children = (
				921BAC5418B9D43B0074F396 /* CBSearchKitTests-Info.plist */,
				921BAC5518B9D43B0074F396 /* InfoPlist.strings */,
			);
			name = "Supporting Files";
			sourceTree = "<group>";
		};
		DBF5E4CE1CD8A81C71AD904B /* Pods */ = {
			isa = PBXGroup;
			children = (
				7367EF1A7F1FDB6B3AC207FE /* Pods-CBSearchKit.debug.xcconfig */,
				ABAED8082A8F68065F078BD1 /* Pods-CBSearchKit.release.xcconfig */,
				23E06AE6E35E1AF22D17D344 /* Pods-CBSearchKitTests.debug.xcconfig */,
				D380206778FD66D681FDEA11 /* Pods-CBSearchKitTests.release.xcconfig */,
			);
			name = Pods;
			sourceTree = "<group>";
		};
/* End PBXGroup section */

/* Begin PBXNativeTarget section */
		921BAC2A18B9D43B0074F396 /* CBSearchKit */ = {
			isa = PBXNativeTarget;
			buildConfigurationList = 921BAC5C18B9D43B0074F396 /* Build configuration list for PBXNativeTarget "CBSearchKit" */;
			buildPhases = (
				E6C126AB13FFB7B8F432CB40 /* [CP] Check Pods Manifest.lock */,
				921BAC2718B9D43B0074F396 /* Sources */,
				921BAC2818B9D43B0074F396 /* Frameworks */,
				921BAC2918B9D43B0074F396 /* Resources */,
			);
			buildRules = (
			);
			dependencies = (
			);
			name = CBSearchKit;
			productName = CBSearchKit;
			productReference = 921BAC2B18B9D43B0074F396 /* CBSearchKit.app */;
			productType = "com.apple.product-type.application";
		};
		921BAC4B18B9D43B0074F396 /* CBSearchKitTests */ = {
			isa = PBXNativeTarget;
			buildConfigurationList = 921BAC5F18B9D43B0074F396 /* Build configuration list for PBXNativeTarget "CBSearchKitTests" */;
			buildPhases = (
				6AA23F95B7324F3C55297E57 /* [CP] Check Pods Manifest.lock */,
				921BAC4818B9D43B0074F396 /* Sources */,
				921BAC4918B9D43B0074F396 /* Frameworks */,
				921BAC4A18B9D43B0074F396 /* Resources */,
			);
			buildRules = (
			);
			dependencies = (
				921BAC5118B9D43B0074F396 /* PBXTargetDependency */,
			);
			name = CBSearchKitTests;
			productName = CBSearchKitTests;
			productReference = 921BAC4C18B9D43B0074F396 /* CBSearchKitTests.xctest */;
			productType = "com.apple.product-type.bundle.unit-test";
		};
/* End PBXNativeTarget section */

/* Begin PBXProject section */
		921BAC2318B9D43B0074F396 /* Project object */ = {
			isa = PBXProject;
			attributes = {
				CLASSPREFIX = CBS;
				LastUpgradeCheck = 1320;
				ORGANIZATIONNAME = "C. Bess";
				TargetAttributes = {
					921BAC4B18B9D43B0074F396 = {
						TestTargetID = 921BAC2A18B9D43B0074F396;
					};
				};
			};
			buildConfigurationList = 921BAC2618B9D43B0074F396 /* Build configuration list for PBXProject "CBSearchKit" */;
			compatibilityVersion = "Xcode 3.2";
			developmentRegion = en;
			hasScannedForEncodings = 0;
			knownRegions = (
				en,
				Base,
			);
			mainGroup = 921BAC2218B9D43B0074F396;
			productRefGroup = 921BAC2C18B9D43B0074F396 /* Products */;
			projectDirPath = "";
			projectRoot = "";
			targets = (
				921BAC2A18B9D43B0074F396 /* CBSearchKit */,
				921BAC4B18B9D43B0074F396 /* CBSearchKitTests */,
			);
		};
/* End PBXProject section */

/* Begin PBXResourcesBuildPhase section */
		921BAC2918B9D43B0074F396 /* Resources */ = {
			isa = PBXResourcesBuildPhase;
			buildActionMask = 2147483647;
			files = (
				921BAC3918B9D43B0074F396 /* InfoPlist.strings in Resources */,
				921BAC4718B9D43B0074F396 /* Images.xcassets in Resources */,
				921BAC3F18B9D43B0074F396 /* Credits.rtf in Resources */,
				921BAC4518B9D43B0074F396 /* MainMenu.xib in Resources */,
			);
			runOnlyForDeploymentPostprocessing = 0;
		};
		921BAC4A18B9D43B0074F396 /* Resources */ = {
			isa = PBXResourcesBuildPhase;
			buildActionMask = 2147483647;
			files = (
				921BAC5718B9D43B0074F396 /* InfoPlist.strings in Resources */,
			);
			runOnlyForDeploymentPostprocessing = 0;
		};
/* End PBXResourcesBuildPhase section */

/* Begin PBXShellScriptBuildPhase section */
		6AA23F95B7324F3C55297E57 /* [CP] Check Pods Manifest.lock */ = {
			isa = PBXShellScriptBuildPhase;
			buildActionMask = 2147483647;
			files = (
			);
			inputPaths = (
				"${PODS_PODFILE_DIR_PATH}/Podfile.lock",
				"${PODS_ROOT}/Manifest.lock",
			);
			name = "[CP] Check Pods Manifest.lock";
			outputPaths = (
				"$(DERIVED_FILE_DIR)/Pods-CBSearchKitTests-checkManifestLockResult.txt",
			);
			runOnlyForDeploymentPostprocessing = 0;
			shellPath = /bin/sh;
			shellScript = "diff \"${PODS_PODFILE_DIR_PATH}/Podfile.lock\" \"${PODS_ROOT}/Manifest.lock\" > /dev/null\nif [ $? != 0 ] ; then\n    # print error to STDERR\n    echo \"error: The sandbox is not in sync with the Podfile.lock. Run 'pod install' or update your CocoaPods installation.\" >&2\n    exit 1\nfi\n# This output is used by Xcode 'outputs' to avoid re-running this script phase.\necho \"SUCCESS\" > \"${SCRIPT_OUTPUT_FILE_0}\"\n";
			showEnvVarsInLog = 0;
		};
		E6C126AB13FFB7B8F432CB40 /* [CP] Check Pods Manifest.lock */ = {
			isa = PBXShellScriptBuildPhase;
			buildActionMask = 2147483647;
			files = (
			);
			inputPaths = (
				"${PODS_PODFILE_DIR_PATH}/Podfile.lock",
				"${PODS_ROOT}/Manifest.lock",
			);
			name = "[CP] Check Pods Manifest.lock";
			outputPaths = (
				"$(DERIVED_FILE_DIR)/Pods-CBSearchKit-checkManifestLockResult.txt",
			);
			runOnlyForDeploymentPostprocessing = 0;
			shellPath = /bin/sh;
			shellScript = "diff \"${PODS_PODFILE_DIR_PATH}/Podfile.lock\" \"${PODS_ROOT}/Manifest.lock\" > /dev/null\nif [ $? != 0 ] ; then\n    # print error to STDERR\n    echo \"error: The sandbox is not in sync with the Podfile.lock. Run 'pod install' or update your CocoaPods installation.\" >&2\n    exit 1\nfi\n# This output is used by Xcode 'outputs' to avoid re-running this script phase.\necho \"SUCCESS\" > \"${SCRIPT_OUTPUT_FILE_0}\"\n";
			showEnvVarsInLog = 0;
		};
/* End PBXShellScriptBuildPhase section */

/* Begin PBXSourcesBuildPhase section */
		921BAC2718B9D43B0074F396 /* Sources */ = {
			isa = PBXSourcesBuildPhase;
			buildActionMask = 2147483647;
			files = (
				92064FD5197B3B7800157F03 /* CBSSearchManager.m in Sources */,
				921BAC3B18B9D43B0074F396 /* main.m in Sources */,
				92064FD8197B3C6F00157F03 /* CBSAppDelegate.m in Sources */,
				92064FD3197B3B7800157F03 /* CBSIndexer.m in Sources */,
				92064FD4197B3B7800157F03 /* CBSSearcher.m in Sources */,
				92064FD2197B3B7800157F03 /* CBSIndexDocument.m in Sources */,
			);
			runOnlyForDeploymentPostprocessing = 0;
		};
		921BAC4818B9D43B0074F396 /* Sources */ = {
			isa = PBXSourcesBuildPhase;
			buildActionMask = 2147483647;
			files = (
				921BAC7D18C39FDC0074F396 /* CBSIndexerTests.m in Sources */,
				1A0A5938204A7DD000198C3F /* CBSCustomIndexDocument.m in Sources */,
				921BAC7F18C993D00074F396 /* CBSSearcherTests.m in Sources */,
			);
			runOnlyForDeploymentPostprocessing = 0;
		};
/* End PBXSourcesBuildPhase section */

/* Begin PBXTargetDependency section */
		921BAC5118B9D43B0074F396 /* PBXTargetDependency */ = {
			isa = PBXTargetDependency;
			target = 921BAC2A18B9D43B0074F396 /* CBSearchKit */;
			targetProxy = 921BAC5018B9D43B0074F396 /* PBXContainerItemProxy */;
		};
/* End PBXTargetDependency section */

/* Begin PBXVariantGroup section */
		921BAC3718B9D43B0074F396 /* InfoPlist.strings */ = {
			isa = PBXVariantGroup;
			children = (
				921BAC3818B9D43B0074F396 /* en */,
			);
			name = InfoPlist.strings;
			sourceTree = "<group>";
		};
		921BAC3D18B9D43B0074F396 /* Credits.rtf */ = {
			isa = PBXVariantGroup;
			children = (
				921BAC3E18B9D43B0074F396 /* en */,
			);
			name = Credits.rtf;
			sourceTree = "<group>";
		};
		921BAC4318B9D43B0074F396 /* MainMenu.xib */ = {
			isa = PBXVariantGroup;
			children = (
				921BAC4418B9D43B0074F396 /* Base */,
			);
			name = MainMenu.xib;
			sourceTree = "<group>";
		};
		921BAC5518B9D43B0074F396 /* InfoPlist.strings */ = {
			isa = PBXVariantGroup;
			children = (
				921BAC5618B9D43B0074F396 /* en */,
			);
			name = InfoPlist.strings;
			sourceTree = "<group>";
		};
/* End PBXVariantGroup section */

/* Begin XCBuildConfiguration section */
		921BAC5A18B9D43B0074F396 /* Debug */ = {
			isa = XCBuildConfiguration;
			buildSettings = {
				ALWAYS_SEARCH_USER_PATHS = NO;
				CLANG_CXX_LANGUAGE_STANDARD = "gnu++0x";
				CLANG_CXX_LIBRARY = "libc++";
				CLANG_ENABLE_OBJC_ARC = YES;
				CLANG_WARN_BLOCK_CAPTURE_AUTORELEASING = YES;
				CLANG_WARN_BOOL_CONVERSION = YES;
				CLANG_WARN_COMMA = YES;
				CLANG_WARN_CONSTANT_CONVERSION = YES;
				CLANG_WARN_DEPRECATED_OBJC_IMPLEMENTATIONS = YES;
				CLANG_WARN_DIRECT_OBJC_ISA_USAGE = YES_ERROR;
				CLANG_WARN_EMPTY_BODY = YES;
				CLANG_WARN_ENUM_CONVERSION = YES;
				CLANG_WARN_INFINITE_RECURSION = YES;
				CLANG_WARN_INT_CONVERSION = YES;
				CLANG_WARN_NON_LITERAL_NULL_CONVERSION = YES;
				CLANG_WARN_OBJC_IMPLICIT_RETAIN_SELF = YES;
				CLANG_WARN_OBJC_LITERAL_CONVERSION = YES;
				CLANG_WARN_OBJC_ROOT_CLASS = YES_ERROR;
				CLANG_WARN_QUOTED_INCLUDE_IN_FRAMEWORK_HEADER = YES;
				CLANG_WARN_RANGE_LOOP_ANALYSIS = YES;
				CLANG_WARN_STRICT_PROTOTYPES = YES;
				CLANG_WARN_SUSPICIOUS_MOVE = YES;
				CLANG_WARN_UNREACHABLE_CODE = YES;
				CLANG_WARN__DUPLICATE_METHOD_MATCH = YES;
				COPY_PHASE_STRIP = NO;
				ENABLE_STRICT_OBJC_MSGSEND = YES;
				ENABLE_TESTABILITY = YES;
				GCC_C_LANGUAGE_STANDARD = gnu99;
				GCC_DYNAMIC_NO_PIC = NO;
				GCC_ENABLE_OBJC_EXCEPTIONS = YES;
				GCC_NO_COMMON_BLOCKS = YES;
				GCC_OPTIMIZATION_LEVEL = 0;
				GCC_PREPROCESSOR_DEFINITIONS = (
					"DEBUG=1",
					"$(inherited)",
				);
				GCC_SYMBOLS_PRIVATE_EXTERN = NO;
				GCC_WARN_64_TO_32_BIT_CONVERSION = YES;
				GCC_WARN_ABOUT_RETURN_TYPE = YES_ERROR;
				GCC_WARN_UNDECLARED_SELECTOR = YES;
				GCC_WARN_UNINITIALIZED_AUTOS = YES;
				GCC_WARN_UNUSED_FUNCTION = YES;
				GCC_WARN_UNUSED_VARIABLE = YES;
				MACOSX_DEPLOYMENT_TARGET = 10.10;
				ONLY_ACTIVE_ARCH = YES;
				SDKROOT = macosx;
			};
			name = Debug;
		};
		921BAC5B18B9D43B0074F396 /* Release */ = {
			isa = XCBuildConfiguration;
			buildSettings = {
				ALWAYS_SEARCH_USER_PATHS = NO;
				CLANG_CXX_LANGUAGE_STANDARD = "gnu++0x";
				CLANG_CXX_LIBRARY = "libc++";
				CLANG_ENABLE_OBJC_ARC = YES;
				CLANG_WARN_BLOCK_CAPTURE_AUTORELEASING = YES;
				CLANG_WARN_BOOL_CONVERSION = YES;
				CLANG_WARN_COMMA = YES;
				CLANG_WARN_CONSTANT_CONVERSION = YES;
				CLANG_WARN_DEPRECATED_OBJC_IMPLEMENTATIONS = YES;
				CLANG_WARN_DIRECT_OBJC_ISA_USAGE = YES_ERROR;
				CLANG_WARN_EMPTY_BODY = YES;
				CLANG_WARN_ENUM_CONVERSION = YES;
				CLANG_WARN_INFINITE_RECURSION = YES;
				CLANG_WARN_INT_CONVERSION = YES;
				CLANG_WARN_NON_LITERAL_NULL_CONVERSION = YES;
				CLANG_WARN_OBJC_IMPLICIT_RETAIN_SELF = YES;
				CLANG_WARN_OBJC_LITERAL_CONVERSION = YES;
				CLANG_WARN_OBJC_ROOT_CLASS = YES_ERROR;
				CLANG_WARN_QUOTED_INCLUDE_IN_FRAMEWORK_HEADER = YES;
				CLANG_WARN_RANGE_LOOP_ANALYSIS = YES;
				CLANG_WARN_STRICT_PROTOTYPES = YES;
				CLANG_WARN_SUSPICIOUS_MOVE = YES;
				CLANG_WARN_UNREACHABLE_CODE = YES;
				CLANG_WARN__DUPLICATE_METHOD_MATCH = YES;
				COPY_PHASE_STRIP = YES;
				DEBUG_INFORMATION_FORMAT = "dwarf-with-dsym";
				ENABLE_NS_ASSERTIONS = NO;
				ENABLE_STRICT_OBJC_MSGSEND = YES;
				GCC_C_LANGUAGE_STANDARD = gnu99;
				GCC_ENABLE_OBJC_EXCEPTIONS = YES;
				GCC_NO_COMMON_BLOCKS = YES;
				GCC_WARN_64_TO_32_BIT_CONVERSION = YES;
				GCC_WARN_ABOUT_RETURN_TYPE = YES_ERROR;
				GCC_WARN_UNDECLARED_SELECTOR = YES;
				GCC_WARN_UNINITIALIZED_AUTOS = YES;
				GCC_WARN_UNUSED_FUNCTION = YES;
				GCC_WARN_UNUSED_VARIABLE = YES;
				MACOSX_DEPLOYMENT_TARGET = 10.10;
				SDKROOT = macosx;
			};
			name = Release;
		};
		921BAC5D18B9D43B0074F396 /* Debug */ = {
			isa = XCBuildConfiguration;
			baseConfigurationReference = 7367EF1A7F1FDB6B3AC207FE /* Pods-CBSearchKit.debug.xcconfig */;
			buildSettings = {
				ASSETCATALOG_COMPILER_APPICON_NAME = AppIcon;
				CODE_SIGN_IDENTITY = "-";
				COMBINE_HIDPI_IMAGES = YES;
				GCC_PRECOMPILE_PREFIX_HEADER = YES;
				GCC_PREFIX_HEADER = "CBSearchKit/CBSearchKit-Prefix.pch";
				GCC_PREPROCESSOR_DEFINITIONS = (
					"$(inherited)",
					"COCOAPODS=1",
					"CBS_LOGS=1",
				);
				INFOPLIST_FILE = "CBSearchKit/CBSearchKit-Info.plist";
				PRODUCT_BUNDLE_IDENTIFIER = "com.cbesscreation.${PRODUCT_NAME:rfc1034identifier}";
				PRODUCT_NAME = "$(TARGET_NAME)";
				WRAPPER_EXTENSION = app;
			};
			name = Debug;
		};
		921BAC5E18B9D43B0074F396 /* Release */ = {
			isa = XCBuildConfiguration;
			baseConfigurationReference = ABAED8082A8F68065F078BD1 /* Pods-CBSearchKit.release.xcconfig */;
			buildSettings = {
				ASSETCATALOG_COMPILER_APPICON_NAME = AppIcon;
				CODE_SIGN_IDENTITY = "-";
				COMBINE_HIDPI_IMAGES = YES;
				GCC_PRECOMPILE_PREFIX_HEADER = YES;
				GCC_PREFIX_HEADER = "CBSearchKit/CBSearchKit-Prefix.pch";
				INFOPLIST_FILE = "CBSearchKit/CBSearchKit-Info.plist";
				PRODUCT_BUNDLE_IDENTIFIER = "com.cbesscreation.${PRODUCT_NAME:rfc1034identifier}";
				PRODUCT_NAME = "$(TARGET_NAME)";
				WRAPPER_EXTENSION = app;
			};
			name = Release;
		};
		921BAC6018B9D43B0074F396 /* Debug */ = {
			isa = XCBuildConfiguration;
			baseConfigurationReference = 23E06AE6E35E1AF22D17D344 /* Pods-CBSearchKitTests.debug.xcconfig */;
			buildSettings = {
				BUNDLE_LOADER = "$(BUILT_PRODUCTS_DIR)/CBSearchKit.app/Contents/MacOS/CBSearchKit";
				COMBINE_HIDPI_IMAGES = YES;
				FRAMEWORK_SEARCH_PATHS = (
					"$(DEVELOPER_FRAMEWORKS_DIR)",
					"$(inherited)",
				);
				GCC_PRECOMPILE_PREFIX_HEADER = YES;
				GCC_PREFIX_HEADER = "CBSearchKit/CBSearchKit-Prefix.pch";
				GCC_PREPROCESSOR_DEFINITIONS = (
					"DEBUG=1",
					"$(inherited)",
				);
				INFOPLIST_FILE = "CBSearchKitTests/CBSearchKitTests-Info.plist";
				PRODUCT_BUNDLE_IDENTIFIER = "com.cbesscreation.${PRODUCT_NAME:rfc1034identifier}";
				PRODUCT_NAME = "$(TARGET_NAME)";
				TEST_HOST = "$(BUNDLE_LOADER)";
				WRAPPER_EXTENSION = xctest;
			};
			name = Debug;
		};
		921BAC6118B9D43B0074F396 /* Release */ = {
			isa = XCBuildConfiguration;
			baseConfigurationReference = D380206778FD66D681FDEA11 /* Pods-CBSearchKitTests.release.xcconfig */;
			buildSettings = {
				BUNDLE_LOADER = "$(BUILT_PRODUCTS_DIR)/CBSearchKit.app/Contents/MacOS/CBSearchKit";
				COMBINE_HIDPI_IMAGES = YES;
				FRAMEWORK_SEARCH_PATHS = (
					"$(DEVELOPER_FRAMEWORKS_DIR)",
					"$(inherited)",
				);
				GCC_PRECOMPILE_PREFIX_HEADER = YES;
				GCC_PREFIX_HEADER = "CBSearchKit/CBSearchKit-Prefix.pch";
				INFOPLIST_FILE = "CBSearchKitTests/CBSearchKitTests-Info.plist";
				PRODUCT_BUNDLE_IDENTIFIER = "com.cbesscreation.${PRODUCT_NAME:rfc1034identifier}";
				PRODUCT_NAME = "$(TARGET_NAME)";
				TEST_HOST = "$(BUNDLE_LOADER)";
				WRAPPER_EXTENSION = xctest;
			};
			name = Release;
		};
/* End XCBuildConfiguration section */

/* Begin XCConfigurationList section */
		921BAC2618B9D43B0074F396 /* Build configuration list for PBXProject "CBSearchKit" */ = {
			isa = XCConfigurationList;
			buildConfigurations = (
				921BAC5A18B9D43B0074F396 /* Debug */,
				921BAC5B18B9D43B0074F396 /* Release */,
			);
			defaultConfigurationIsVisible = 0;
			defaultConfigurationName = Release;
		};
		921BAC5C18B9D43B0074F396 /* Build configuration list for PBXNativeTarget "CBSearchKit" */ = {
			isa = XCConfigurationList;
			buildConfigurations = (
				921BAC5D18B9D43B0074F396 /* Debug */,
				921BAC5E18B9D43B0074F396 /* Release */,
			);
			defaultConfigurationIsVisible = 0;
			defaultConfigurationName = Release;
		};
		921BAC5F18B9D43B0074F396 /* Build configuration list for PBXNativeTarget "CBSearchKitTests" */ = {
			isa = XCConfigurationList;
			buildConfigurations = (
				921BAC6018B9D43B0074F396 /* Debug */,
				921BAC6118B9D43B0074F396 /* Release */,
			);
			defaultConfigurationIsVisible = 0;
			defaultConfigurationName = Release;
		};
/* End XCConfigurationList section */
	};
	rootObject = 921BAC2318B9D43B0074F396 /* Project object */;
}
